// !$*UTF8*$!
{
	archiveVersion = 1;
	classes = {
	};
	objectVersion = 56;
	objects = {

/* Begin PBXBuildFile section */
		121E70582C76CBAF0053ACCF /* AppDelegate.swift in Sources */ = {isa = PBXBuildFile; fileRef = 121E70572C76CBAF0053ACCF /* AppDelegate.swift */; };
		121E705C2C76CBAF0053ACCF /* ViewController.swift in Sources */ = {isa = PBXBuildFile; fileRef = 121E705B2C76CBAF0053ACCF /* ViewController.swift */; };
		121E705F2C76CBAF0053ACCF /* Base in Resources */ = {isa = PBXBuildFile; fileRef = 121E705E2C76CBAF0053ACCF /* Base */; };
		121E70612C76CBB20053ACCF /* Assets.xcassets in Resources */ = {isa = PBXBuildFile; fileRef = 121E70602C76CBB20053ACCF /* Assets.xcassets */; };
		121E70642C76CBB20053ACCF /* Base in Resources */ = {isa = PBXBuildFile; fileRef = 121E70632C76CBB20053ACCF /* Base */; };
		121E706D2C76CD520053ACCF /* CapturePVView.swift in Sources */ = {isa = PBXBuildFile; fileRef = 121E706C2C76CD520053ACCF /* CapturePVView.swift */; };
		121E70702C76CDB80053ACCF /* UIView+Extension.swift in Sources */ = {isa = PBXBuildFile; fileRef = 121E706F2C76CDB80053ACCF /* UIView+Extension.swift */; };
		121E70762C76CFE30053ACCF /* Common.swift in Sources */ = {isa = PBXBuildFile; fileRef = 121E70752C76CFE30053ACCF /* Common.swift */; };
		121E70782C76CFF70053ACCF /* Value+Extension.swift in Sources */ = {isa = PBXBuildFile; fileRef = 121E70772C76CFF70053ACCF /* Value+Extension.swift */; };
		121E707A2C76D00B0053ACCF /* UIColor+Extension.swift in Sources */ = {isa = PBXBuildFile; fileRef = 121E70792C76D00B0053ACCF /* UIColor+Extension.swift */; };
		121E707C2C76D3B70053ACCF /* NetStatusManager.swift in Sources */ = {isa = PBXBuildFile; fileRef = 121E707B2C76D3B70053ACCF /* NetStatusManager.swift */; };
		121E707F2C7715C40053ACCF /* IVResultTipView.swift in Sources */ = {isa = PBXBuildFile; fileRef = 121E707E2C7715C40053ACCF /* IVResultTipView.swift */; };
		121E70812C7718C60053ACCF /* String+Extension.swift in Sources */ = {isa = PBXBuildFile; fileRef = 121E70802C7718C60053ACCF /* String+Extension.swift */; };
		121E70832C772F050053ACCF /* ShouImageResultViewController.swift in Sources */ = {isa = PBXBuildFile; fileRef = 121E70822C772F050053ACCF /* ShouImageResultViewController.swift */; };
		121E70852C7736920053ACCF /* ShouVideoResultViewController.swift in Sources */ = {isa = PBXBuildFile; fileRef = 121E70842C7736920053ACCF /* ShouVideoResultViewController.swift */; };
		121E70872C77376B0053ACCF /* CommonFunc.swift in Sources */ = {isa = PBXBuildFile; fileRef = 121E70862C77376B0053ACCF /* CommonFunc.swift */; };
		DEC8F77067A704C10CC346A4 /* Pods_CapturePV.framework in Frameworks */ = {isa = PBXBuildFile; fileRef = D314875949222BEA5F8D39DC /* Pods_CapturePV.framework */; };
/* End PBXBuildFile section */

/* Begin PBXFileReference section */
		121E70542C76CBAF0053ACCF /* CapturePV.app */ = {isa = PBXFileReference; explicitFileType = wrapper.application; includeInIndex = 0; path = CapturePV.app; sourceTree = BUILT_PRODUCTS_DIR; };
		121E70572C76CBAF0053ACCF /* AppDelegate.swift */ = {isa = PBXFileReference; lastKnownFileType = sourcecode.swift; path = AppDelegate.swift; sourceTree = "<group>"; };
		121E705B2C76CBAF0053ACCF /* ViewController.swift */ = {isa = PBXFileReference; lastKnownFileType = sourcecode.swift; path = ViewController.swift; sourceTree = "<group>"; };
		121E705E2C76CBAF0053ACCF /* Base */ = {isa = PBXFileReference; lastKnownFileType = file.storyboard; name = Base; path = Base.lproj/Main.storyboard; sourceTree = "<group>"; };
		121E70602C76CBB20053ACCF /* Assets.xcassets */ = {isa = PBXFileReference; lastKnownFileType = folder.assetcatalog; path = Assets.xcassets; sourceTree = "<group>"; };
		121E70632C76CBB20053ACCF /* Base */ = {isa = PBXFileReference; lastKnownFileType = file.storyboard; name = Base; path = Base.lproj/LaunchScreen.storyboard; sourceTree = "<group>"; };
		121E70652C76CBB20053ACCF /* Info.plist */ = {isa = PBXFileReference; lastKnownFileType = text.plist.xml; path = Info.plist; sourceTree = "<group>"; };
		121E706C2C76CD520053ACCF /* CapturePVView.swift */ = {isa = PBXFileReference; lastKnownFileType = sourcecode.swift; path = CapturePVView.swift; sourceTree = "<group>"; };
		121E706F2C76CDB80053ACCF /* UIView+Extension.swift */ = {isa = PBXFileReference; fileEncoding = 4; lastKnownFileType = sourcecode.swift; path = "UIView+Extension.swift"; sourceTree = "<group>"; };
		121E70752C76CFE30053ACCF /* Common.swift */ = {isa = PBXFileReference; fileEncoding = 4; lastKnownFileType = sourcecode.swift; path = Common.swift; sourceTree = "<group>"; };
		121E70772C76CFF70053ACCF /* Value+Extension.swift */ = {isa = PBXFileReference; fileEncoding = 4; lastKnownFileType = sourcecode.swift; path = "Value+Extension.swift"; sourceTree = "<group>"; };
		121E70792C76D00B0053ACCF /* UIColor+Extension.swift */ = {isa = PBXFileReference; fileEncoding = 4; lastKnownFileType = sourcecode.swift; path = "UIColor+Extension.swift"; sourceTree = "<group>"; };
		121E707B2C76D3B70053ACCF /* NetStatusManager.swift */ = {isa = PBXFileReference; fileEncoding = 4; lastKnownFileType = sourcecode.swift; path = NetStatusManager.swift; sourceTree = "<group>"; };
		121E707E2C7715C40053ACCF /* IVResultTipView.swift */ = {isa = PBXFileReference; lastKnownFileType = sourcecode.swift; path = IVResultTipView.swift; sourceTree = "<group>"; };
		121E70802C7718C60053ACCF /* String+Extension.swift */ = {isa = PBXFileReference; fileEncoding = 4; lastKnownFileType = sourcecode.swift; path = "String+Extension.swift"; sourceTree = "<group>"; };
		121E70822C772F050053ACCF /* ShouImageResultViewController.swift */ = {isa = PBXFileReference; lastKnownFileType = sourcecode.swift; path = ShouImageResultViewController.swift; sourceTree = "<group>"; };
		121E70842C7736920053ACCF /* ShouVideoResultViewController.swift */ = {isa = PBXFileReference; lastKnownFileType = sourcecode.swift; path = ShouVideoResultViewController.swift; sourceTree = "<group>"; };
		121E70862C77376B0053ACCF /* CommonFunc.swift */ = {isa = PBXFileReference; lastKnownFileType = sourcecode.swift; path = CommonFunc.swift; sourceTree = "<group>"; };
		79F388ACFBDA7DAD2E33FDFC /* Pods-CapturePV.release.xcconfig */ = {isa = PBXFileReference; includeInIndex = 1; lastKnownFileType = text.xcconfig; name = "Pods-CapturePV.release.xcconfig"; path = "Target Support Files/Pods-CapturePV/Pods-CapturePV.release.xcconfig"; sourceTree = "<group>"; };
		D314875949222BEA5F8D39DC /* Pods_CapturePV.framework */ = {isa = PBXFileReference; explicitFileType = wrapper.framework; includeInIndex = 0; path = Pods_CapturePV.framework; sourceTree = BUILT_PRODUCTS_DIR; };
		D99EBF29ECEBC1F98DFDC591 /* Pods-CapturePV.debug.xcconfig */ = {isa = PBXFileReference; includeInIndex = 1; lastKnownFileType = text.xcconfig; name = "Pods-CapturePV.debug.xcconfig"; path = "Target Support Files/Pods-CapturePV/Pods-CapturePV.debug.xcconfig"; sourceTree = "<group>"; };
/* End PBXFileReference section */

/* Begin PBXFrameworksBuildPhase section */
		121E70512C76CBAF0053ACCF /* Frameworks */ = {
			isa = PBXFrameworksBuildPhase;
			buildActionMask = 2147483647;
			files = (
				DEC8F77067A704C10CC346A4 /* Pods_CapturePV.framework in Frameworks */,
			);
			runOnlyForDeploymentPostprocessing = 0;
		};
/* End PBXFrameworksBuildPhase section */

/* Begin PBXGroup section */
		121E704B2C76CBAF0053ACCF = {
			isa = PBXGroup;
			children = (
				121E70562C76CBAF0053ACCF /* CapturePV */,
				121E70552C76CBAF0053ACCF /* Products */,
				8B75EB5C31B0195407D9B5DB /* Pods */,
				DC40C14350F1603703479EA4 /* Frameworks */,
			);
			sourceTree = "<group>";
		};
		121E70552C76CBAF0053ACCF /* Products */ = {
			isa = PBXGroup;
			children = (
				121E70542C76CBAF0053ACCF /* CapturePV.app */,
			);
			name = Products;
			sourceTree = "<group>";
		};
		121E70562C76CBAF0053ACCF /* CapturePV */ = {
			isa = PBXGroup;
			children = (
				121E706E2C76CDA50053ACCF /* Class */,
				121E70572C76CBAF0053ACCF /* AppDelegate.swift */,
				121E705B2C76CBAF0053ACCF /* ViewController.swift */,
				121E705D2C76CBAF0053ACCF /* Main.storyboard */,
				121E70602C76CBB20053ACCF /* Assets.xcassets */,
				121E70622C76CBB20053ACCF /* LaunchScreen.storyboard */,
				121E70652C76CBB20053ACCF /* Info.plist */,
			);
			path = CapturePV;
			sourceTree = "<group>";
		};
		121E706E2C76CDA50053ACCF /* Class */ = {
			isa = PBXGroup;
			children = (
				121E70742C76CFD10053ACCF /* Common */,
				121E70732C76CFC30053ACCF /* View */,
				121E70722C76CFAF0053ACCF /* Extension */,
			);
			path = Class;
			sourceTree = "<group>";
		};
		121E70722C76CFAF0053ACCF /* Extension */ = {
			isa = PBXGroup;
			children = (
				121E70802C7718C60053ACCF /* String+Extension.swift */,
				121E70792C76D00B0053ACCF /* UIColor+Extension.swift */,
				121E70772C76CFF70053ACCF /* Value+Extension.swift */,
				121E706F2C76CDB80053ACCF /* UIView+Extension.swift */,
			);
			path = Extension;
			sourceTree = "<group>";
		};
		121E70732C76CFC30053ACCF /* View */ = {
			isa = PBXGroup;
			children = (
				121E706C2C76CD520053ACCF /* CapturePVView.swift */,
				121E707E2C7715C40053ACCF /* IVResultTipView.swift */,
				121E70822C772F050053ACCF /* ShouImageResultViewController.swift */,
				121E70842C7736920053ACCF /* ShouVideoResultViewController.swift */,
			);
			path = View;
			sourceTree = "<group>";
		};
		121E70742C76CFD10053ACCF /* Common */ = {
			isa = PBXGroup;
			children = (
				121E707B2C76D3B70053ACCF /* NetStatusManager.swift */,
				121E70752C76CFE30053ACCF /* Common.swift */,
				121E70862C77376B0053ACCF /* CommonFunc.swift */,
			);
			path = Common;
			sourceTree = "<group>";
		};
		8B75EB5C31B0195407D9B5DB /* Pods */ = {
			isa = PBXGroup;
			children = (
				D99EBF29ECEBC1F98DFDC591 /* Pods-CapturePV.debug.xcconfig */,
				79F388ACFBDA7DAD2E33FDFC /* Pods-CapturePV.release.xcconfig */,
			);
			path = Pods;
			sourceTree = "<group>";
		};
		DC40C14350F1603703479EA4 /* Frameworks */ = {
			isa = PBXGroup;
			children = (
				D314875949222BEA5F8D39DC /* Pods_CapturePV.framework */,
			);
			name = Frameworks;
			sourceTree = "<group>";
		};
/* End PBXGroup section */

/* Begin PBXNativeTarget section */
		121E70532C76CBAF0053ACCF /* CapturePV */ = {
			isa = PBXNativeTarget;
			buildConfigurationList = 121E70682C76CBB20053ACCF /* Build configuration list for PBXNativeTarget "CapturePV" */;
			buildPhases = (
				5EAA0AC7A11BB9677208BF19 /* [CP] Check Pods Manifest.lock */,
				121E70502C76CBAF0053ACCF /* Sources */,
				121E70512C76CBAF0053ACCF /* Frameworks */,
				121E70522C76CBAF0053ACCF /* Resources */,
				FA30EDE5E3F467C9885A255C /* [CP] Embed Pods Frameworks */,
			);
			buildRules = (
			);
			dependencies = (
			);
			name = CapturePV;
			productName = CapturePV;
			productReference = 121E70542C76CBAF0053ACCF /* CapturePV.app */;
			productType = "com.apple.product-type.application";
		};
/* End PBXNativeTarget section */

/* Begin PBXProject section */
		121E704C2C76CBAF0053ACCF /* Project object */ = {
			isa = PBXProject;
			attributes = {
				BuildIndependentTargetsInParallel = 1;
				LastSwiftUpdateCheck = 1540;
				LastUpgradeCheck = 1540;
				TargetAttributes = {
					121E70532C76CBAF0053ACCF = {
						CreatedOnToolsVersion = 15.4;
					};
				};
			};
			buildConfigurationList = 121E704F2C76CBAF0053ACCF /* Build configuration list for PBXProject "CapturePV" */;
			compatibilityVersion = "Xcode 14.0";
			developmentRegion = en;
			hasScannedForEncodings = 0;
			knownRegions = (
				en,
				Base,
			);
			mainGroup = 121E704B2C76CBAF0053ACCF;
			productRefGroup = 121E70552C76CBAF0053ACCF /* Products */;
			projectDirPath = "";
			projectRoot = "";
			targets = (
				121E70532C76CBAF0053ACCF /* CapturePV */,
			);
		};
/* End PBXProject section */

/* Begin PBXResourcesBuildPhase section */
		121E70522C76CBAF0053ACCF /* Resources */ = {
			isa = PBXResourcesBuildPhase;
			buildActionMask = 2147483647;
			files = (
				121E70612C76CBB20053ACCF /* Assets.xcassets in Resources */,
				121E70642C76CBB20053ACCF /* Base in Resources */,
				121E705F2C76CBAF0053ACCF /* Base in Resources */,
			);
			runOnlyForDeploymentPostprocessing = 0;
		};
/* End PBXResourcesBuildPhase section */

/* Begin PBXShellScriptBuildPhase section */
		5EAA0AC7A11BB9677208BF19 /* [CP] Check Pods Manifest.lock */ = {
			isa = PBXShellScriptBuildPhase;
			buildActionMask = 2147483647;
			files = (
			);
			inputFileListPaths = (
			);
			inputPaths = (
				"${PODS_PODFILE_DIR_PATH}/Podfile.lock",
				"${PODS_ROOT}/Manifest.lock",
			);
			name = "[CP] Check Pods Manifest.lock";
			outputFileListPaths = (
			);
			outputPaths = (
				"$(DERIVED_FILE_DIR)/Pods-CapturePV-checkManifestLockResult.txt",
			);
			runOnlyForDeploymentPostprocessing = 0;
			shellPath = /bin/sh;
			shellScript = "diff \"${PODS_PODFILE_DIR_PATH}/Podfile.lock\" \"${PODS_ROOT}/Manifest.lock\" > /dev/null\nif [ $? != 0 ] ; then\n    # print error to STDERR\n    echo \"error: The sandbox is not in sync with the Podfile.lock. Run 'pod install' or update your CocoaPods installation.\" >&2\n    exit 1\nfi\n# This output is used by Xcode 'outputs' to avoid re-running this script phase.\necho \"SUCCESS\" > \"${SCRIPT_OUTPUT_FILE_0}\"\n";
			showEnvVarsInLog = 0;
		};
		FA30EDE5E3F467C9885A255C /* [CP] Embed Pods Frameworks */ = {
			isa = PBXShellScriptBuildPhase;
			buildActionMask = 2147483647;
			files = (
			);
			inputFileListPaths = (
				"${PODS_ROOT}/Target Support Files/Pods-CapturePV/Pods-CapturePV-frameworks-${CONFIGURATION}-input-files.xcfilelist",
			);
			name = "[CP] Embed Pods Frameworks";
			outputFileListPaths = (
				"${PODS_ROOT}/Target Support Files/Pods-CapturePV/Pods-CapturePV-frameworks-${CONFIGURATION}-output-files.xcfilelist",
			);
			runOnlyForDeploymentPostprocessing = 0;
			shellPath = /bin/sh;
			shellScript = "\"${PODS_ROOT}/Target Support Files/Pods-CapturePV/Pods-CapturePV-frameworks.sh\"\n";
			showEnvVarsInLog = 0;
		};
/* End PBXShellScriptBuildPhase section */

/* Begin PBXSourcesBuildPhase section */
		121E70502C76CBAF0053ACCF /* Sources */ = {
			isa = PBXSourcesBuildPhase;
			buildActionMask = 2147483647;
			files = (
				121E707A2C76D00B0053ACCF /* UIColor+Extension.swift in Sources */,
				121E70872C77376B0053ACCF /* CommonFunc.swift in Sources */,
				121E705C2C76CBAF0053ACCF /* ViewController.swift in Sources */,
				121E70852C7736920053ACCF /* ShouVideoResultViewController.swift in Sources */,
				121E706D2C76CD520053ACCF /* CapturePVView.swift in Sources */,
				121E707F2C7715C40053ACCF /* IVResultTipView.swift in Sources */,
				121E70702C76CDB80053ACCF /* UIView+Extension.swift in Sources */,
				121E70762C76CFE30053ACCF /* Common.swift in Sources */,
				121E70582C76CBAF0053ACCF /* AppDelegate.swift in Sources */,
				121E70832C772F050053ACCF /* ShouImageResultViewController.swift in Sources */,
				121E70782C76CFF70053ACCF /* Value+Extension.swift in Sources */,
				121E70812C7718C60053ACCF /* String+Extension.swift in Sources */,
				121E707C2C76D3B70053ACCF /* NetStatusManager.swift in Sources */,
			);
			runOnlyForDeploymentPostprocessing = 0;
		};
/* End PBXSourcesBuildPhase section */

/* Begin PBXVariantGroup section */
		121E705D2C76CBAF0053ACCF /* Main.storyboard */ = {
			isa = PBXVariantGroup;
			children = (
				121E705E2C76CBAF0053ACCF /* Base */,
			);
			name = Main.storyboard;
			sourceTree = "<group>";
		};
		121E70622C76CBB20053ACCF /* LaunchScreen.storyboard */ = {
			isa = PBXVariantGroup;
			children = (
				121E70632C76CBB20053ACCF /* Base */,
			);
			name = LaunchScreen.storyboard;
			sourceTree = "<group>";
		};
/* End PBXVariantGroup section */

/* Begin XCBuildConfiguration section */
		121E70662C76CBB20053ACCF /* Debug */ = {
			isa = XCBuildConfiguration;
			buildSettings = {
				ALWAYS_SEARCH_USER_PATHS = NO;
				ASSETCATALOG_COMPILER_GENERATE_SWIFT_ASSET_SYMBOL_EXTENSIONS = YES;
				CLANG_ANALYZER_NONNULL = YES;
				CLANG_ANALYZER_NUMBER_OBJECT_CONVERSION = YES_AGGRESSIVE;
				CLANG_CXX_LANGUAGE_STANDARD = "gnu++20";
				CLANG_ENABLE_MODULES = YES;
				CLANG_ENABLE_OBJC_ARC = YES;
				CLANG_ENABLE_OBJC_WEAK = YES;
				CLANG_WARN_BLOCK_CAPTURE_AUTORELEASING = YES;
				CLANG_WARN_BOOL_CONVERSION = YES;
				CLANG_WARN_COMMA = YES;
				CLANG_WARN_CONSTANT_CONVERSION = YES;
				CLANG_WARN_DEPRECATED_OBJC_IMPLEMENTATIONS = YES;
				CLANG_WARN_DIRECT_OBJC_ISA_USAGE = YES_ERROR;
				CLANG_WARN_DOCUMENTATION_COMMENTS = YES;
				CLANG_WARN_EMPTY_BODY = YES;
				CLANG_WARN_ENUM_CONVERSION = YES;
				CLANG_WARN_INFINITE_RECURSION = YES;
				CLANG_WARN_INT_CONVERSION = YES;
				CLANG_WARN_NON_LITERAL_NULL_CONVERSION = YES;
				CLANG_WARN_OBJC_IMPLICIT_RETAIN_SELF = YES;
				CLANG_WARN_OBJC_LITERAL_CONVERSION = YES;
				CLANG_WARN_OBJC_ROOT_CLASS = YES_ERROR;
				CLANG_WARN_QUOTED_INCLUDE_IN_FRAMEWORK_HEADER = YES;
				CLANG_WARN_RANGE_LOOP_ANALYSIS = YES;
				CLANG_WARN_STRICT_PROTOTYPES = YES;
				CLANG_WARN_SUSPICIOUS_MOVE = YES;
				CLANG_WARN_UNGUARDED_AVAILABILITY = YES_AGGRESSIVE;
				CLANG_WARN_UNREACHABLE_CODE = YES;
				CLANG_WARN__DUPLICATE_METHOD_MATCH = YES;
				COPY_PHASE_STRIP = NO;
				DEBUG_INFORMATION_FORMAT = dwarf;
				ENABLE_STRICT_OBJC_MSGSEND = YES;
				ENABLE_TESTABILITY = YES;
				ENABLE_USER_SCRIPT_SANDBOXING = YES;
				GCC_C_LANGUAGE_STANDARD = gnu17;
				GCC_DYNAMIC_NO_PIC = NO;
				GCC_NO_COMMON_BLOCKS = YES;
				GCC_OPTIMIZATION_LEVEL = 0;
				GCC_PREPROCESSOR_DEFINITIONS = (
					"DEBUG=1",
					"$(inherited)",
				);
				GCC_WARN_64_TO_32_BIT_CONVERSION = YES;
				GCC_WARN_ABOUT_RETURN_TYPE = YES_ERROR;
				GCC_WARN_UNDECLARED_SELECTOR = YES;
				GCC_WARN_UNINITIALIZED_AUTOS = YES_AGGRESSIVE;
				GCC_WARN_UNUSED_FUNCTION = YES;
				GCC_WARN_UNUSED_VARIABLE = YES;
				IPHONEOS_DEPLOYMENT_TARGET = 17.5;
				LOCALIZATION_PREFERS_STRING_CATALOGS = YES;
				MTL_ENABLE_DEBUG_INFO = INCLUDE_SOURCE;
				MTL_FAST_MATH = YES;
				ONLY_ACTIVE_ARCH = YES;
				SDKROOT = iphoneos;
				SWIFT_ACTIVE_COMPILATION_CONDITIONS = "DEBUG $(inherited)";
				SWIFT_OPTIMIZATION_LEVEL = "-Onone";
			};
			name = Debug;
		};
		121E70672C76CBB20053ACCF /* Release */ = {
			isa = XCBuildConfiguration;
			buildSettings = {
				ALWAYS_SEARCH_USER_PATHS = NO;
				ASSETCATALOG_COMPILER_GENERATE_SWIFT_ASSET_SYMBOL_EXTENSIONS = YES;
				CLANG_ANALYZER_NONNULL = YES;
				CLANG_ANALYZER_NUMBER_OBJECT_CONVERSION = YES_AGGRESSIVE;
				CLANG_CXX_LANGUAGE_STANDARD = "gnu++20";
				CLANG_ENABLE_MODULES = YES;
				CLANG_ENABLE_OBJC_ARC = YES;
				CLANG_ENABLE_OBJC_WEAK = YES;
				CLANG_WARN_BLOCK_CAPTURE_AUTORELEASING = YES;
				CLANG_WARN_BOOL_CONVERSION = YES;
				CLANG_WARN_COMMA = YES;
				CLANG_WARN_CONSTANT_CONVERSION = YES;
				CLANG_WARN_DEPRECATED_OBJC_IMPLEMENTATIONS = YES;
				CLANG_WARN_DIRECT_OBJC_ISA_USAGE = YES_ERROR;
				CLANG_WARN_DOCUMENTATION_COMMENTS = YES;
				CLANG_WARN_EMPTY_BODY = YES;
				CLANG_WARN_ENUM_CONVERSION = YES;
				CLANG_WARN_INFINITE_RECURSION = YES;
				CLANG_WARN_INT_CONVERSION = YES;
				CLANG_WARN_NON_LITERAL_NULL_CONVERSION = YES;
				CLANG_WARN_OBJC_IMPLICIT_RETAIN_SELF = YES;
				CLANG_WARN_OBJC_LITERAL_CONVERSION = YES;
				CLANG_WARN_OBJC_ROOT_CLASS = YES_ERROR;
				CLANG_WARN_QUOTED_INCLUDE_IN_FRAMEWORK_HEADER = YES;
				CLANG_WARN_RANGE_LOOP_ANALYSIS = YES;
				CLANG_WARN_STRICT_PROTOTYPES = YES;
				CLANG_WARN_SUSPICIOUS_MOVE = YES;
				CLANG_WARN_UNGUARDED_AVAILABILITY = YES_AGGRESSIVE;
				CLANG_WARN_UNREACHABLE_CODE = YES;
				CLANG_WARN__DUPLICATE_METHOD_MATCH = YES;
				COPY_PHASE_STRIP = NO;
				DEBUG_INFORMATION_FORMAT = "dwarf-with-dsym";
				ENABLE_NS_ASSERTIONS = NO;
				ENABLE_STRICT_OBJC_MSGSEND = YES;
				ENABLE_USER_SCRIPT_SANDBOXING = YES;
				GCC_C_LANGUAGE_STANDARD = gnu17;
				GCC_NO_COMMON_BLOCKS = YES;
				GCC_WARN_64_TO_32_BIT_CONVERSION = YES;
				GCC_WARN_ABOUT_RETURN_TYPE = YES_ERROR;
				GCC_WARN_UNDECLARED_SELECTOR = YES;
				GCC_WARN_UNINITIALIZED_AUTOS = YES_AGGRESSIVE;
				GCC_WARN_UNUSED_FUNCTION = YES;
				GCC_WARN_UNUSED_VARIABLE = YES;
				IPHONEOS_DEPLOYMENT_TARGET = 17.5;
				LOCALIZATION_PREFERS_STRING_CATALOGS = YES;
				MTL_ENABLE_DEBUG_INFO = NO;
				MTL_FAST_MATH = YES;
				SDKROOT = iphoneos;
				SWIFT_COMPILATION_MODE = wholemodule;
				VALIDATE_PRODUCT = YES;
			};
			name = Release;
		};
		121E70692C76CBB20053ACCF /* Debug */ = {
			isa = XCBuildConfiguration;
			baseConfigurationReference = D99EBF29ECEBC1F98DFDC591 /* Pods-CapturePV.debug.xcconfig */;
			buildSettings = {
				ASSETCATALOG_COMPILER_APPICON_NAME = AppIcon;
				ASSETCATALOG_COMPILER_GLOBAL_ACCENT_COLOR_NAME = AccentColor;
				"CODE_SIGN_IDENTITY[sdk=iphoneos*]" = "iPhone Developer";
				CODE_SIGN_STYLE = Manual;
				CURRENT_PROJECT_VERSION = 1;
				DEVELOPMENT_TEAM = "";
				"DEVELOPMENT_TEAM[sdk=iphoneos*]" = L637U6Z5RP;
				ENABLE_USER_SCRIPT_SANDBOXING = NO;
				GENERATE_INFOPLIST_FILE = YES;
				INFOPLIST_FILE = CapturePV/Info.plist;
				INFOPLIST_KEY_UIApplicationSupportsIndirectInputEvents = YES;
				INFOPLIST_KEY_UILaunchStoryboardName = LaunchScreen;
				INFOPLIST_KEY_UIMainStoryboardFile = Main;
				INFOPLIST_KEY_UISupportedInterfaceOrientations_iPad = "UIInterfaceOrientationPortrait UIInterfaceOrientationPortraitUpsideDown UIInterfaceOrientationLandscapeLeft UIInterfaceOrientationLandscapeRight";
				INFOPLIST_KEY_UISupportedInterfaceOrientations_iPhone = "UIInterfaceOrientationPortrait UIInterfaceOrientationLandscapeLeft UIInterfaceOrientationLandscapeRight";
				IPHONEOS_DEPLOYMENT_TARGET = 14.0;
				LD_RUNPATH_SEARCH_PATHS = (
					"$(inherited)",
					"@executable_path/Frameworks",
				);
				MARKETING_VERSION = 1.0;
				PRODUCT_BUNDLE_IDENTIFIER = online.ldyt.firetvremote;
				PRODUCT_NAME = "$(TARGET_NAME)";
				PROVISIONING_PROFILE_SPECIFIER = "";
				"PROVISIONING_PROFILE_SPECIFIER[sdk=iphoneos*]" = FireTV_Development;
				SWIFT_EMIT_LOC_STRINGS = YES;
				SWIFT_VERSION = 5.0;
				TARGETED_DEVICE_FAMILY = "1,2";
			};
			name = Debug;
		};
		121E706A2C76CBB20053ACCF /* Release */ = {
			isa = XCBuildConfiguration;
			baseConfigurationReference = 79F388ACFBDA7DAD2E33FDFC /* Pods-CapturePV.release.xcconfig */;
			buildSettings = {
				ASSETCATALOG_COMPILER_APPICON_NAME = AppIcon;
				ASSETCATALOG_COMPILER_GLOBAL_ACCENT_COLOR_NAME = AccentColor;
				"CODE_SIGN_IDENTITY[sdk=iphoneos*]" = "iPhone Developer";
				CODE_SIGN_STYLE = Manual;
				CURRENT_PROJECT_VERSION = 1;
				DEVELOPMENT_TEAM = "";
				"DEVELOPMENT_TEAM[sdk=iphoneos*]" = L637U6Z5RP;
				ENABLE_USER_SCRIPT_SANDBOXING = NO;
				GENERATE_INFOPLIST_FILE = YES;
				INFOPLIST_FILE = CapturePV/Info.plist;
				INFOPLIST_KEY_UIApplicationSupportsIndirectInputEvents = YES;
				INFOPLIST_KEY_UILaunchStoryboardName = LaunchScreen;
				INFOPLIST_KEY_UIMainStoryboardFile = Main;
				INFOPLIST_KEY_UISupportedInterfaceOrientations_iPad = "UIInterfaceOrientationPortrait UIInterfaceOrientationPortraitUpsideDown UIInterfaceOrientationLandscapeLeft UIInterfaceOrientationLandscapeRight";
				INFOPLIST_KEY_UISupportedInterfaceOrientations_iPhone = "UIInterfaceOrientationPortrait UIInterfaceOrientationLandscapeLeft UIInterfaceOrientationLandscapeRight";
				IPHONEOS_DEPLOYMENT_TARGET = 14.0;
				LD_RUNPATH_SEARCH_PATHS = (
					"$(inherited)",
					"@executable_path/Frameworks",
				);
				MARKETING_VERSION = 1.0;
				PRODUCT_BUNDLE_IDENTIFIER = online.ldyt.firetvremote;
				PRODUCT_NAME = "$(TARGET_NAME)";
				PROVISIONING_PROFILE_SPECIFIER = "";
				"PROVISIONING_PROFILE_SPECIFIER[sdk=iphoneos*]" = FireTV_Development;
				SWIFT_EMIT_LOC_STRINGS = YES;
				SWIFT_VERSION = 5.0;
				TARGETED_DEVICE_FAMILY = "1,2";
			};
			name = Release;
		};
/* End XCBuildConfiguration section */

/* Begin XCConfigurationList section */
		121E704F2C76CBAF0053ACCF /* Build configuration list for PBXProject "CapturePV" */ = {
			isa = XCConfigurationList;
			buildConfigurations = (
				121E70662C76CBB20053ACCF /* Debug */,
				121E70672C76CBB20053ACCF /* Release */,
			);
			defaultConfigurationIsVisible = 0;
			defaultConfigurationName = Release;
		};
		121E70682C76CBB20053ACCF /* Build configuration list for PBXNativeTarget "CapturePV" */ = {
			isa = XCConfigurationList;
			buildConfigurations = (
				121E70692C76CBB20053ACCF /* Debug */,
				121E706A2C76CBB20053ACCF /* Release */,
			);
			defaultConfigurationIsVisible = 0;
			defaultConfigurationName = Release;
		};
/* End XCConfigurationList section */
	};
	rootObject = 121E704C2C76CBAF0053ACCF /* Project object */;
}
